
Microsoft Visual Studio Solution File, Format Version 12.00
# Visual Studio 15
VisualStudioVersion = 15.0.28307.421
MinimumVisualStudioVersion = 10.0.40219.1
Project("{FAE04EC0-301F-11D3-BF4B-00C04F79EFBC}") = "App.Entities", "App.Entities\App.Entities.csproj", "{2A955026-8B8E-4909-9784-1C2A507D921D}"
EndProject
Project("{FAE04EC0-301F-11D3-BF4B-00C04F79EFBC}") = "App.Data", "App.Data\App.Data.csproj", "{F5E7B382-E50F-437F-8106-563CAF65099C}"
EndProject
Project("{FAE04EC0-301F-11D3-BF4B-00C04F79EFBC}") = "App.Data.Test", "App.Data.Test\App.Data.Test.csproj", "{7DB4BFF0-5858-4252-8537-0DA4E9EB4443}"
EndProject
Project("{2150E333-8FDC-42A3-9474-1A3956D46DE8}") = "ADO.NET", "ADO.NET", "{18C0FD7E-114E-40A8-BD23-81697142A394}"
EndProject
Project("{2150E333-8FDC-42A3-9474-1A3956D46DE8}") = "TXLocal", "TXLocal", "{5B972B2E-15CF-4672-9F2A-5085349B4C79}"
EndProject
Project("{2150E333-8FDC-42A3-9474-1A3956D46DE8}") = "Dapper", "Dapper", "{63FE843F-8041-48F9-A87A-B94C430ECF5C}"
EndProject
Project("{FAE04EC0-301F-11D3-BF4B-00C04F79EFBC}") = "App.Entities.Dapper", "App.Entities.Dapper\App.Entities.Dapper.csproj", "{3E2C1ECD-8095-45B6-810E-B82809588DCD}"
EndProject
Project("{FAE04EC0-301F-11D3-BF4B-00C04F79EFBC}") = "App.Data.Dapper", "App.Data.Dapper\App.Data.Dapper.csproj", "{65B2F4FC-8EA6-43FF-AA08-E5DEFA56B8F2}"
EndProject
Project("{FAE04EC0-301F-11D3-BF4B-00C04F79EFBC}") = "App.Data.Test.Dapper", "App.Data.Test.Dapper\App.Data.Test.Dapper.csproj", "{C5A22CA5-C066-4632-A775-06D9FDED3456}"
EndProject
Project("{2150E333-8FDC-42A3-9474-1A3956D46DE8}") = "TxLocal", "TxLocal", "{DD5F7C49-C7CD-4151-A152-075078BD1D9B}"
EndProject
Project("{2150E333-8FDC-42A3-9474-1A3956D46DE8}") = "EntityFramework", "EntityFramework", "{E8F46255-C01F-4ABC-93D2-05BEA7FE16ED}"
EndProject
Project("{FAE04EC0-301F-11D3-BF4B-00C04F79EFBC}") = "App.Data.DataAccess", "App.Data.DataAccess\App.Data.DataAccess.csproj", "{9C2BD70D-2AB0-4B02-B108-6C424427A207}"
EndProject
Project("{FAE04EC0-301F-11D3-BF4B-00C04F79EFBC}") = "App.Data.Entities.BaseMatricula", "App.Data.Entities.BaseMatricula\App.Data.Entities.BaseMatricula.csproj", "{7440F97E-8AF8-4921-823C-5DAF7212130A}"
EndProject
Global
	GlobalSection(SolutionConfigurationPlatforms) = preSolution
		Debug|Any CPU = Debug|Any CPU
		Release|Any CPU = Release|Any CPU
	EndGlobalSection
	GlobalSection(ProjectConfigurationPlatforms) = postSolution
		{2A955026-8B8E-4909-9784-1C2A507D921D}.Debug|Any CPU.ActiveCfg = Debug|Any CPU
		{2A955026-8B8E-4909-9784-1C2A507D921D}.Debug|Any CPU.Build.0 = Debug|Any CPU
		{2A955026-8B8E-4909-9784-1C2A507D921D}.Release|Any CPU.ActiveCfg = Release|Any CPU
		{2A955026-8B8E-4909-9784-1C2A507D921D}.Release|Any CPU.Build.0 = Release|Any CPU
		{F5E7B382-E50F-437F-8106-563CAF65099C}.Debug|Any CPU.ActiveCfg = Debug|Any CPU
		{F5E7B382-E50F-437F-8106-563CAF65099C}.Debug|Any CPU.Build.0 = Debug|Any CPU
		{F5E7B382-E50F-437F-8106-563CAF65099C}.Release|Any CPU.ActiveCfg = Release|Any CPU
		{F5E7B382-E50F-437F-8106-563CAF65099C}.Release|Any CPU.Build.0 = Release|Any CPU
		{7DB4BFF0-5858-4252-8537-0DA4E9EB4443}.Debug|Any CPU.ActiveCfg = Debug|Any CPU
		{7DB4BFF0-5858-4252-8537-0DA4E9EB4443}.Debug|Any CPU.Build.0 = Debug|Any CPU
		{7DB4BFF0-5858-4252-8537-0DA4E9EB4443}.Release|Any CPU.ActiveCfg = Release|Any CPU
		{7DB4BFF0-5858-4252-8537-0DA4E9EB4443}.Release|Any CPU.Build.0 = Release|Any CPU
		{3E2C1ECD-8095-45B6-810E-B82809588DCD}.Debug|Any CPU.ActiveCfg = Debug|Any CPU
		{3E2C1ECD-8095-45B6-810E-B82809588DCD}.Debug|Any CPU.Build.0 = Debug|Any CPU
		{3E2C1ECD-8095-45B6-810E-B82809588DCD}.Release|Any CPU.ActiveCfg = Release|Any CPU
		{3E2C1ECD-8095-45B6-810E-B82809588DCD}.Release|Any CPU.Build.0 = Release|Any CPU
		{65B2F4FC-8EA6-43FF-AA08-E5DEFA56B8F2}.Debug|Any CPU.ActiveCfg = Debug|Any CPU
		{65B2F4FC-8EA6-43FF-AA08-E5DEFA56B8F2}.Debug|Any CPU.Build.0 = Debug|Any CPU
		{65B2F4FC-8EA6-43FF-AA08-E5DEFA56B8F2}.Release|Any CPU.ActiveCfg = Release|Any CPU
		{65B2F4FC-8EA6-43FF-AA08-E5DEFA56B8F2}.Release|Any CPU.Build.0 = Release|Any CPU
		{C5A22CA5-C066-4632-A775-06D9FDED3456}.Debug|Any CPU.ActiveCfg = Debug|Any CPU
		{C5A22CA5-C066-4632-A775-06D9FDED3456}.Debug|Any CPU.Build.0 = Debug|Any CPU
		{C5A22CA5-C066-4632-A775-06D9FDED3456}.Release|Any CPU.ActiveCfg = Release|Any CPU
		{C5A22CA5-C066-4632-A775-06D9FDED3456}.Release|Any CPU.Build.0 = Release|Any CPU
		{9C2BD70D-2AB0-4B02-B108-6C424427A207}.Debug|Any CPU.ActiveCfg = Debug|Any CPU
		{9C2BD70D-2AB0-4B02-B108-6C424427A207}.Debug|Any CPU.Build.0 = Debug|Any CPU
		{9C2BD70D-2AB0-4B02-B108-6C424427A207}.Release|Any CPU.ActiveCfg = Release|Any CPU
		{9C2BD70D-2AB0-4B02-B108-6C424427A207}.Release|Any CPU.Build.0 = Release|Any CPU
		{7440F97E-8AF8-4921-823C-5DAF7212130A}.Debug|Any CPU.ActiveCfg = Debug|Any CPU
		{7440F97E-8AF8-4921-823C-5DAF7212130A}.Debug|Any CPU.Build.0 = Debug|Any CPU
		{7440F97E-8AF8-4921-823C-5DAF7212130A}.Release|Any CPU.ActiveCfg = Release|Any CPU
		{7440F97E-8AF8-4921-823C-5DAF7212130A}.Release|Any CPU.Build.0 = Release|Any CPU
	EndGlobalSection
	GlobalSection(SolutionProperties) = preSolution
		HideSolutionNode = FALSE
	EndGlobalSection
	GlobalSection(NestedProjects) = preSolution
		{2A955026-8B8E-4909-9784-1C2A507D921D} = {5B972B2E-15CF-4672-9F2A-5085349B4C79}
		{F5E7B382-E50F-437F-8106-563CAF65099C} = {5B972B2E-15CF-4672-9F2A-5085349B4C79}
		{7DB4BFF0-5858-4252-8537-0DA4E9EB4443} = {5B972B2E-15CF-4672-9F2A-5085349B4C79}
		{5B972B2E-15CF-4672-9F2A-5085349B4C79} = {18C0FD7E-114E-40A8-BD23-81697142A394}
		{3E2C1ECD-8095-45B6-810E-B82809588DCD} = {DD5F7C49-C7CD-4151-A152-075078BD1D9B}
		{65B2F4FC-8EA6-43FF-AA08-E5DEFA56B8F2} = {DD5F7C49-C7CD-4151-A152-075078BD1D9B}
		{C5A22CA5-C066-4632-A775-06D9FDED3456} = {DD5F7C49-C7CD-4151-A152-075078BD1D9B}
		{DD5F7C49-C7CD-4151-A152-075078BD1D9B} = {63FE843F-8041-48F9-A87A-B94C430ECF5C}
		{9C2BD70D-2AB0-4B02-B108-6C424427A207} = {E8F46255-C01F-4ABC-93D2-05BEA7FE16ED}
		{7440F97E-8AF8-4921-823C-5DAF7212130A} = {E8F46255-C01F-4ABC-93D2-05BEA7FE16ED}
	EndGlobalSection
	GlobalSection(ExtensibilityGlobals) = postSolution
		SolutionGuid = {F4AEE93E-8165-4A64-8C49-5E04E40A459F}
	EndGlobalSection
EndGlobal
