
Microsoft Visual Studio Solution File, Format Version 12.00
# Visual Studio 15
VisualStudioVersion = 15.0.28307.421
MinimumVisualStudioVersion = 10.0.40219.1
Project("{FAE04EC0-301F-11D3-BF4B-00C04F79EFBC}") = "App.Entities", "App.Entities\App.Entities.csproj", "{AF1A0F25-904E-4572-A077-F734DFD8718D}"
EndProject
Project("{FAE04EC0-301F-11D3-BF4B-00C04F79EFBC}") = "App.Data", "App.Data\App.Data.csproj", "{A0255938-DB0E-4838-8F90-3FB6806D24F8}"
EndProject
Project("{FAE04EC0-301F-11D3-BF4B-00C04F79EFBC}") = "App.Data.Test", "App.Data.Test\App.Data.Test.csproj", "{928D04AB-9249-410E-94C9-477919712442}"
EndProject
Global
	GlobalSection(SolutionConfigurationPlatforms) = preSolution
		Debug|Any CPU = Debug|Any CPU
		Release|Any CPU = Release|Any CPU
	EndGlobalSection
	GlobalSection(ProjectConfigurationPlatforms) = postSolution
		{AF1A0F25-904E-4572-A077-F734DFD8718D}.Debug|Any CPU.ActiveCfg = Debug|Any CPU
		{AF1A0F25-904E-4572-A077-F734DFD8718D}.Debug|Any CPU.Build.0 = Debug|Any CPU
		{AF1A0F25-904E-4572-A077-F734DFD8718D}.Release|Any CPU.ActiveCfg = Release|Any CPU
		{AF1A0F25-904E-4572-A077-F734DFD8718D}.Release|Any CPU.Build.0 = Release|Any CPU
		{A0255938-DB0E-4838-8F90-3FB6806D24F8}.Debug|Any CPU.ActiveCfg = Debug|Any CPU
		{A0255938-DB0E-4838-8F90-3FB6806D24F8}.Debug|Any CPU.Build.0 = Debug|Any CPU
		{A0255938-DB0E-4838-8F90-3FB6806D24F8}.Release|Any CPU.ActiveCfg = Release|Any CPU
		{A0255938-DB0E-4838-8F90-3FB6806D24F8}.Release|Any CPU.Build.0 = Release|Any CPU
		{928D04AB-9249-410E-94C9-477919712442}.Debug|Any CPU.ActiveCfg = Debug|Any CPU
		{928D04AB-9249-410E-94C9-477919712442}.Debug|Any CPU.Build.0 = Debug|Any CPU
		{928D04AB-9249-410E-94C9-477919712442}.Release|Any CPU.ActiveCfg = Release|Any CPU
		{928D04AB-9249-410E-94C9-477919712442}.Release|Any CPU.Build.0 = Release|Any CPU
	EndGlobalSection
	GlobalSection(SolutionProperties) = preSolution
		HideSolutionNode = FALSE
	EndGlobalSection
	GlobalSection(ExtensibilityGlobals) = postSolution
		SolutionGuid = {D306EFCF-0ADE-4606-A086-763E85FF6911}
	EndGlobalSection
EndGlobal
